// !$*UTF8*$!
{
	archiveVersion = 1;
	classes = {
	};
	objectVersion = 56;
	objects = {

/* Begin PBXBuildFile section */
		042008D52964156D0096C9A7 /* MContentView.swift in Sources */ = {isa = PBXBuildFile; fileRef = 042008D42964156D0096C9A7 /* MContentView.swift */; };
		042008D72964356B0096C9A7 /* MChildView.swift in Sources */ = {isa = PBXBuildFile; fileRef = 042008D62964356B0096C9A7 /* MChildView.swift */; };
		0421242D2968003600BFA647 /* MyView.swift in Sources */ = {isa = PBXBuildFile; fileRef = 0421242C2968003600BFA647 /* MyView.swift */; };
		0421242F2968044C00BFA647 /* User.swift in Sources */ = {isa = PBXBuildFile; fileRef = 0421242E2968044C00BFA647 /* User.swift */; };
		042124312968045C00BFA647 /* Response.swift in Sources */ = {isa = PBXBuildFile; fileRef = 042124302968045C00BFA647 /* Response.swift */; };
		04212433296804C900BFA647 /* CupcakeView.swift in Sources */ = {isa = PBXBuildFile; fileRef = 04212432296804C900BFA647 /* CupcakeView.swift */; };
		0421243529680F1000BFA647 /* Order.swift in Sources */ = {isa = PBXBuildFile; fileRef = 0421243429680F1000BFA647 /* Order.swift */; };
		042124372968175C00BFA647 /* AddressView.swift in Sources */ = {isa = PBXBuildFile; fileRef = 042124362968175C00BFA647 /* AddressView.swift */; };
		042473FD2961A93D00EBDA70 /* SheetExampleView.swift in Sources */ = {isa = PBXBuildFile; fileRef = 042473FC2961A93D00EBDA70 /* SheetExampleView.swift */; };
		0425262B2962CA78001B346B /* AddView.swift in Sources */ = {isa = PBXBuildFile; fileRef = 0425262A2962CA78001B346B /* AddView.swift */; };
		0425262D2962CF59001B346B /* ParentView.swift in Sources */ = {isa = PBXBuildFile; fileRef = 0425262C2962CF59001B346B /* ParentView.swift */; };
		0425262F2962CF86001B346B /* ExpenseItem.swift in Sources */ = {isa = PBXBuildFile; fileRef = 0425262E2962CF86001B346B /* ExpenseItem.swift */; };
		042526312962CF9A001B346B /* Expenses.swift in Sources */ = {isa = PBXBuildFile; fileRef = 042526302962CF9A001B346B /* Expenses.swift */; };
		042526352962E855001B346B /* MyChildView.swift in Sources */ = {isa = PBXBuildFile; fileRef = 042526342962E855001B346B /* MyChildView.swift */; };
		043FC0BF294DBBEF002FFF3D /* swiftUiPracticeApp.swift in Sources */ = {isa = PBXBuildFile; fileRef = 043FC0BE294DBBEF002FFF3D /* swiftUiPracticeApp.swift */; };
		043FC0C1294DBBEF002FFF3D /* ContentView.swift in Sources */ = {isa = PBXBuildFile; fileRef = 043FC0C0294DBBEF002FFF3D /* ContentView.swift */; };
		043FC0C3294DBBF1002FFF3D /* Assets.xcassets in Resources */ = {isa = PBXBuildFile; fileRef = 043FC0C2294DBBF1002FFF3D /* Assets.xcassets */; };
		043FC0C6294DBBF1002FFF3D /* Preview Assets.xcassets in Resources */ = {isa = PBXBuildFile; fileRef = 043FC0C5294DBBF1002FFF3D /* Preview Assets.xcassets */; };
		043FC0D0294DBBF1002FFF3D /* swiftUiPracticeTests.swift in Sources */ = {isa = PBXBuildFile; fileRef = 043FC0CF294DBBF1002FFF3D /* swiftUiPracticeTests.swift */; };
		043FC0DA294DBBF1002FFF3D /* swiftUiPracticeUITests.swift in Sources */ = {isa = PBXBuildFile; fileRef = 043FC0D9294DBBF1002FFF3D /* swiftUiPracticeUITests.swift */; };
		043FC0DC294DBBF1002FFF3D /* swiftUiPracticeUITestsLaunchTests.swift in Sources */ = {isa = PBXBuildFile; fileRef = 043FC0DB294DBBF1002FFF3D /* swiftUiPracticeUITestsLaunchTests.swift */; };
		044AF5F42959844C007FCB6B /* ShapeViews.swift in Sources */ = {isa = PBXBuildFile; fileRef = 044AF5F32959844C007FCB6B /* ShapeViews.swift */; };
		046360872978412700D9DA95 /* LayoutView.swift in Sources */ = {isa = PBXBuildFile; fileRef = 046360862978412700D9DA95 /* LayoutView.swift */; };
		04AC3741296A79D300866416 /* PracticeView.swift in Sources */ = {isa = PBXBuildFile; fileRef = 04AC3740296A79D300866416 /* PracticeView.swift */; };
		04AC3745296A7E4A00866416 /* product_sans_bold.ttf in Resources */ = {isa = PBXBuildFile; fileRef = 04AC3743296A7CE400866416 /* product_sans_bold.ttf */; };
		04AC3746296A7E4A00866416 /* product_sans_regular.ttf in Resources */ = {isa = PBXBuildFile; fileRef = 04AC3744296A7CEF00866416 /* product_sans_regular.ttf */; };
		04AC374C296AE5F500866416 /* CustomTabView.swift in Sources */ = {isa = PBXBuildFile; fileRef = 04AC374B296AE5F500866416 /* CustomTabView.swift */; };
		04AC374E296BCD7B00866416 /* PlayView.swift in Sources */ = {isa = PBXBuildFile; fileRef = 04AC374D296BCD7B00866416 /* PlayView.swift */; };
		04AC3753296D35FB00866416 /* BookWormView.swift in Sources */ = {isa = PBXBuildFile; fileRef = 04AC3752296D35FB00866416 /* BookWormView.swift */; };
		04AC3756296D5C3500866416 /* bookworm.xcdatamodeld in Sources */ = {isa = PBXBuildFile; fileRef = 04AC3754296D5C3500866416 /* bookworm.xcdatamodeld */; };
		04AC3758296D5C8900866416 /* DataController.swift in Sources */ = {isa = PBXBuildFile; fileRef = 04AC3757296D5C8900866416 /* DataController.swift */; };
		04AC375A296D63ED00866416 /* AddBookView.swift in Sources */ = {isa = PBXBuildFile; fileRef = 04AC3759296D63ED00866416 /* AddBookView.swift */; };
		04AC375C296DAD9900866416 /* RatingView.swift in Sources */ = {isa = PBXBuildFile; fileRef = 04AC375B296DAD9900866416 /* RatingView.swift */; };
		04AC375E296E67EF00866416 /* EmojiRatingView.swift in Sources */ = {isa = PBXBuildFile; fileRef = 04AC375D296E67EF00866416 /* EmojiRatingView.swift */; };
		04AC3760296E6C3400866416 /* DetailView.swift in Sources */ = {isa = PBXBuildFile; fileRef = 04AC375F296E6C3400866416 /* DetailView.swift */; };
		04C05E962978F3D800E56BE0 /* MoodView.swift in Sources */ = {isa = PBXBuildFile; fileRef = 04C05E952978F3D800E56BE0 /* MoodView.swift */; };
		04C05E982978FC5B00E56BE0 /* StickyHeader.swift in Sources */ = {isa = PBXBuildFile; fileRef = 04C05E972978FC5B00E56BE0 /* StickyHeader.swift */; };
		04C05E9A297B9DF600E56BE0 /* CustomTabBar.swift in Sources */ = {isa = PBXBuildFile; fileRef = 04C05E99297B9DF600E56BE0 /* CustomTabBar.swift */; };
		04C05E9D297BB80400E56BE0 /* OrderedCollections in Frameworks */ = {isa = PBXBuildFile; productRef = 04C05E9C297BB80400E56BE0 /* OrderedCollections */; };
		04EBE45F295EE8D1009AE79A /* DummyUi.swift in Sources */ = {isa = PBXBuildFile; fileRef = 04EBE45E295EE8D1009AE79A /* DummyUi.swift */; };
		04EBE462295EECDA009AE79A /* SwiftUIFontIcon in Frameworks */ = {isa = PBXBuildFile; productRef = 04EBE461295EECDA009AE79A /* SwiftUIFontIcon */; };
		04EBE46629614D18009AE79A /* HomeView.swift in Sources */ = {isa = PBXBuildFile; fileRef = 04EBE46529614D18009AE79A /* HomeView.swift */; };
		04EBE4682961513D009AE79A /* NoteItemView.swift in Sources */ = {isa = PBXBuildFile; fileRef = 04EBE4672961513D009AE79A /* NoteItemView.swift */; };
/* End PBXBuildFile section */

/* Begin PBXContainerItemProxy section */
		043FC0CC294DBBF1002FFF3D /* PBXContainerItemProxy */ = {
			isa = PBXContainerItemProxy;
			containerPortal = 043FC0B3294DBBEF002FFF3D /* Project object */;
			proxyType = 1;
			remoteGlobalIDString = 043FC0BA294DBBEF002FFF3D;
			remoteInfo = swiftUiPractice;
		};
		043FC0D6294DBBF1002FFF3D /* PBXContainerItemProxy */ = {
			isa = PBXContainerItemProxy;
			containerPortal = 043FC0B3294DBBEF002FFF3D /* Project object */;
			proxyType = 1;
			remoteGlobalIDString = 043FC0BA294DBBEF002FFF3D;
			remoteInfo = swiftUiPractice;
		};
/* End PBXContainerItemProxy section */

/* Begin PBXFileReference section */
		042008D42964156D0096C9A7 /* MContentView.swift */ = {isa = PBXFileReference; lastKnownFileType = sourcecode.swift; path = MContentView.swift; sourceTree = "<group>"; };
		042008D62964356B0096C9A7 /* MChildView.swift */ = {isa = PBXFileReference; lastKnownFileType = sourcecode.swift; path = MChildView.swift; sourceTree = "<group>"; };
		0421242C2968003600BFA647 /* MyView.swift */ = {isa = PBXFileReference; lastKnownFileType = sourcecode.swift; path = MyView.swift; sourceTree = "<group>"; };
		0421242E2968044C00BFA647 /* User.swift */ = {isa = PBXFileReference; lastKnownFileType = sourcecode.swift; path = User.swift; sourceTree = "<group>"; };
		042124302968045C00BFA647 /* Response.swift */ = {isa = PBXFileReference; lastKnownFileType = sourcecode.swift; path = Response.swift; sourceTree = "<group>"; };
		04212432296804C900BFA647 /* CupcakeView.swift */ = {isa = PBXFileReference; lastKnownFileType = sourcecode.swift; path = CupcakeView.swift; sourceTree = "<group>"; };
		0421243429680F1000BFA647 /* Order.swift */ = {isa = PBXFileReference; lastKnownFileType = sourcecode.swift; path = Order.swift; sourceTree = "<group>"; };
		042124362968175C00BFA647 /* AddressView.swift */ = {isa = PBXFileReference; lastKnownFileType = sourcecode.swift; path = AddressView.swift; sourceTree = "<group>"; };
		042473FC2961A93D00EBDA70 /* SheetExampleView.swift */ = {isa = PBXFileReference; lastKnownFileType = sourcecode.swift; path = SheetExampleView.swift; sourceTree = "<group>"; };
		0425262A2962CA78001B346B /* AddView.swift */ = {isa = PBXFileReference; lastKnownFileType = sourcecode.swift; path = AddView.swift; sourceTree = "<group>"; };
		0425262C2962CF59001B346B /* ParentView.swift */ = {isa = PBXFileReference; lastKnownFileType = sourcecode.swift; path = ParentView.swift; sourceTree = "<group>"; };
		0425262E2962CF86001B346B /* ExpenseItem.swift */ = {isa = PBXFileReference; lastKnownFileType = sourcecode.swift; path = ExpenseItem.swift; sourceTree = "<group>"; };
		042526302962CF9A001B346B /* Expenses.swift */ = {isa = PBXFileReference; lastKnownFileType = sourcecode.swift; path = Expenses.swift; sourceTree = "<group>"; };
		042526342962E855001B346B /* MyChildView.swift */ = {isa = PBXFileReference; lastKnownFileType = sourcecode.swift; path = MyChildView.swift; sourceTree = "<group>"; };
		043FC0BB294DBBEF002FFF3D /* swiftUiPractice.app */ = {isa = PBXFileReference; explicitFileType = wrapper.application; includeInIndex = 0; path = swiftUiPractice.app; sourceTree = BUILT_PRODUCTS_DIR; };
		043FC0BE294DBBEF002FFF3D /* swiftUiPracticeApp.swift */ = {isa = PBXFileReference; lastKnownFileType = sourcecode.swift; path = swiftUiPracticeApp.swift; sourceTree = "<group>"; };
		043FC0C0294DBBEF002FFF3D /* ContentView.swift */ = {isa = PBXFileReference; lastKnownFileType = sourcecode.swift; path = ContentView.swift; sourceTree = "<group>"; };
		043FC0C2294DBBF1002FFF3D /* Assets.xcassets */ = {isa = PBXFileReference; lastKnownFileType = folder.assetcatalog; path = Assets.xcassets; sourceTree = "<group>"; };
		043FC0C5294DBBF1002FFF3D /* Preview Assets.xcassets */ = {isa = PBXFileReference; lastKnownFileType = folder.assetcatalog; path = "Preview Assets.xcassets"; sourceTree = "<group>"; };
		043FC0CB294DBBF1002FFF3D /* swiftUiPracticeTests.xctest */ = {isa = PBXFileReference; explicitFileType = wrapper.cfbundle; includeInIndex = 0; path = swiftUiPracticeTests.xctest; sourceTree = BUILT_PRODUCTS_DIR; };
		043FC0CF294DBBF1002FFF3D /* swiftUiPracticeTests.swift */ = {isa = PBXFileReference; lastKnownFileType = sourcecode.swift; path = swiftUiPracticeTests.swift; sourceTree = "<group>"; };
		043FC0D5294DBBF1002FFF3D /* swiftUiPracticeUITests.xctest */ = {isa = PBXFileReference; explicitFileType = wrapper.cfbundle; includeInIndex = 0; path = swiftUiPracticeUITests.xctest; sourceTree = BUILT_PRODUCTS_DIR; };
		043FC0D9294DBBF1002FFF3D /* swiftUiPracticeUITests.swift */ = {isa = PBXFileReference; lastKnownFileType = sourcecode.swift; path = swiftUiPracticeUITests.swift; sourceTree = "<group>"; };
		043FC0DB294DBBF1002FFF3D /* swiftUiPracticeUITestsLaunchTests.swift */ = {isa = PBXFileReference; lastKnownFileType = sourcecode.swift; path = swiftUiPracticeUITestsLaunchTests.swift; sourceTree = "<group>"; };
		044AF5F32959844C007FCB6B /* ShapeViews.swift */ = {isa = PBXFileReference; lastKnownFileType = sourcecode.swift; path = ShapeViews.swift; sourceTree = "<group>"; };
		046360862978412700D9DA95 /* LayoutView.swift */ = {isa = PBXFileReference; lastKnownFileType = sourcecode.swift; path = LayoutView.swift; sourceTree = "<group>"; };
		04AC3740296A79D300866416 /* PracticeView.swift */ = {isa = PBXFileReference; lastKnownFileType = sourcecode.swift; path = PracticeView.swift; sourceTree = "<group>"; };
		04AC3743296A7CE400866416 /* product_sans_bold.ttf */ = {isa = PBXFileReference; lastKnownFileType = file; path = product_sans_bold.ttf; sourceTree = "<group>"; };
		04AC3744296A7CEF00866416 /* product_sans_regular.ttf */ = {isa = PBXFileReference; lastKnownFileType = file; path = product_sans_regular.ttf; sourceTree = "<group>"; };
		04AC3747296A803D00866416 /* Info.plist */ = {isa = PBXFileReference; lastKnownFileType = text.plist; path = Info.plist; sourceTree = "<group>"; };
		04AC374B296AE5F500866416 /* CustomTabView.swift */ = {isa = PBXFileReference; lastKnownFileType = sourcecode.swift; path = CustomTabView.swift; sourceTree = "<group>"; };
		04AC374D296BCD7B00866416 /* PlayView.swift */ = {isa = PBXFileReference; lastKnownFileType = sourcecode.swift; path = PlayView.swift; sourceTree = "<group>"; };
		04AC3752296D35FB00866416 /* BookWormView.swift */ = {isa = PBXFileReference; lastKnownFileType = sourcecode.swift; path = BookWormView.swift; sourceTree = "<group>"; };
		04AC3755296D5C3500866416 /* bookworm.xcdatamodel */ = {isa = PBXFileReference; lastKnownFileType = wrapper.xcdatamodel; path = bookworm.xcdatamodel; sourceTree = "<group>"; };
		04AC3757296D5C8900866416 /* DataController.swift */ = {isa = PBXFileReference; lastKnownFileType = sourcecode.swift; path = DataController.swift; sourceTree = "<group>"; };
		04AC3759296D63ED00866416 /* AddBookView.swift */ = {isa = PBXFileReference; lastKnownFileType = sourcecode.swift; path = AddBookView.swift; sourceTree = "<group>"; };
		04AC375B296DAD9900866416 /* RatingView.swift */ = {isa = PBXFileReference; lastKnownFileType = sourcecode.swift; path = RatingView.swift; sourceTree = "<group>"; };
		04AC375D296E67EF00866416 /* EmojiRatingView.swift */ = {isa = PBXFileReference; lastKnownFileType = sourcecode.swift; path = EmojiRatingView.swift; sourceTree = "<group>"; };
		04AC375F296E6C3400866416 /* DetailView.swift */ = {isa = PBXFileReference; lastKnownFileType = sourcecode.swift; path = DetailView.swift; sourceTree = "<group>"; };
		04C05E952978F3D800E56BE0 /* MoodView.swift */ = {isa = PBXFileReference; lastKnownFileType = sourcecode.swift; path = MoodView.swift; sourceTree = "<group>"; };
		04C05E972978FC5B00E56BE0 /* StickyHeader.swift */ = {isa = PBXFileReference; lastKnownFileType = sourcecode.swift; path = StickyHeader.swift; sourceTree = "<group>"; };
		04C05E99297B9DF600E56BE0 /* CustomTabBar.swift */ = {isa = PBXFileReference; lastKnownFileType = sourcecode.swift; path = CustomTabBar.swift; sourceTree = "<group>"; };
		04EBE45E295EE8D1009AE79A /* DummyUi.swift */ = {isa = PBXFileReference; lastKnownFileType = sourcecode.swift; path = DummyUi.swift; sourceTree = "<group>"; };
		04EBE46529614D18009AE79A /* HomeView.swift */ = {isa = PBXFileReference; lastKnownFileType = sourcecode.swift; path = HomeView.swift; sourceTree = "<group>"; };
		04EBE4672961513D009AE79A /* NoteItemView.swift */ = {isa = PBXFileReference; lastKnownFileType = sourcecode.swift; path = NoteItemView.swift; sourceTree = "<group>"; };
/* End PBXFileReference section */

/* Begin PBXFrameworksBuildPhase section */
		043FC0B8294DBBEF002FFF3D /* Frameworks */ = {
			isa = PBXFrameworksBuildPhase;
			buildActionMask = 2147483647;
			files = (
				04C05E9D297BB80400E56BE0 /* OrderedCollections in Frameworks */,
				04EBE462295EECDA009AE79A /* SwiftUIFontIcon in Frameworks */,
			);
			runOnlyForDeploymentPostprocessing = 0;
		};
		043FC0C8294DBBF1002FFF3D /* Frameworks */ = {
			isa = PBXFrameworksBuildPhase;
			buildActionMask = 2147483647;
			files = (
			);
			runOnlyForDeploymentPostprocessing = 0;
		};
		043FC0D2294DBBF1002FFF3D /* Frameworks */ = {
			isa = PBXFrameworksBuildPhase;
			buildActionMask = 2147483647;
			files = (
			);
			runOnlyForDeploymentPostprocessing = 0;
		};
/* End PBXFrameworksBuildPhase section */

/* Begin PBXGroup section */
		042008D329640C320096C9A7 /* MoonShot */ = {
			isa = PBXGroup;
			children = (
				042008D42964156D0096C9A7 /* MContentView.swift */,
				042008D62964356B0096C9A7 /* MChildView.swift */,
			);
			path = MoonShot;
			sourceTree = "<group>";
		};
		0421242B2968002700BFA647 /* Cupcake */ = {
			isa = PBXGroup;
			children = (
				0421242C2968003600BFA647 /* MyView.swift */,
				0421242E2968044C00BFA647 /* User.swift */,
				042124302968045C00BFA647 /* Response.swift */,
				04212432296804C900BFA647 /* CupcakeView.swift */,
				0421243429680F1000BFA647 /* Order.swift */,
				042124362968175C00BFA647 /* AddressView.swift */,
			);
			path = Cupcake;
			sourceTree = "<group>";
		};
		042473FB2961A93000EBDA70 /* Sheets */ = {
			isa = PBXGroup;
			children = (
				042473FC2961A93D00EBDA70 /* SheetExampleView.swift */,
				04AC374D296BCD7B00866416 /* PlayView.swift */,
			);
			path = Sheets;
			sourceTree = "<group>";
		};
		042526292962CA68001B346B /* Expenses */ = {
			isa = PBXGroup;
			children = (
				0425262A2962CA78001B346B /* AddView.swift */,
				0425262C2962CF59001B346B /* ParentView.swift */,
				0425262E2962CF86001B346B /* ExpenseItem.swift */,
				042526302962CF9A001B346B /* Expenses.swift */,
				042526342962E855001B346B /* MyChildView.swift */,
			);
			path = Expenses;
			sourceTree = "<group>";
		};
		043FC0B2294DBBEF002FFF3D = {
			isa = PBXGroup;
			children = (
				043FC0BD294DBBEF002FFF3D /* swiftUiPractice */,
				043FC0CE294DBBF1002FFF3D /* swiftUiPracticeTests */,
				043FC0D8294DBBF1002FFF3D /* swiftUiPracticeUITests */,
				043FC0BC294DBBEF002FFF3D /* Products */,
			);
			sourceTree = "<group>";
		};
		043FC0BC294DBBEF002FFF3D /* Products */ = {
			isa = PBXGroup;
			children = (
				043FC0BB294DBBEF002FFF3D /* swiftUiPractice.app */,
				043FC0CB294DBBF1002FFF3D /* swiftUiPracticeTests.xctest */,
				043FC0D5294DBBF1002FFF3D /* swiftUiPracticeUITests.xctest */,
			);
			name = Products;
			sourceTree = "<group>";
		};
		043FC0BD294DBBEF002FFF3D /* swiftUiPractice */ = {
			isa = PBXGroup;
			children = (
				046360852978411500D9DA95 /* Layouting */,
				04AC3751296D35ED00866416 /* BookWorm */,
				04AC3747296A803D00866416 /* Info.plist */,
				04AC373F296A79C400866416 /* SomePractice */,
				0421242B2968002700BFA647 /* Cupcake */,
				042008D329640C320096C9A7 /* MoonShot */,
				042526292962CA68001B346B /* Expenses */,
				042473FB2961A93000EBDA70 /* Sheets */,
				04EBE46429614CF9009AE79A /* TabView */,
				043FC0BE294DBBEF002FFF3D /* swiftUiPracticeApp.swift */,
				043FC0C0294DBBEF002FFF3D /* ContentView.swift */,
				044AF5F32959844C007FCB6B /* ShapeViews.swift */,
				043FC0C2294DBBF1002FFF3D /* Assets.xcassets */,
				043FC0C4294DBBF1002FFF3D /* Preview Content */,
			);
			path = swiftUiPractice;
			sourceTree = "<group>";
		};
		043FC0C4294DBBF1002FFF3D /* Preview Content */ = {
			isa = PBXGroup;
			children = (
				043FC0C5294DBBF1002FFF3D /* Preview Assets.xcassets */,
			);
			path = "Preview Content";
			sourceTree = "<group>";
		};
		043FC0CE294DBBF1002FFF3D /* swiftUiPracticeTests */ = {
			isa = PBXGroup;
			children = (
				043FC0CF294DBBF1002FFF3D /* swiftUiPracticeTests.swift */,
			);
			path = swiftUiPracticeTests;
			sourceTree = "<group>";
		};
		043FC0D8294DBBF1002FFF3D /* swiftUiPracticeUITests */ = {
			isa = PBXGroup;
			children = (
				043FC0D9294DBBF1002FFF3D /* swiftUiPracticeUITests.swift */,
				043FC0DB294DBBF1002FFF3D /* swiftUiPracticeUITestsLaunchTests.swift */,
			);
			path = swiftUiPracticeUITests;
			sourceTree = "<group>";
		};
		046360852978411500D9DA95 /* Layouting */ = {
			isa = PBXGroup;
			children = (
				046360862978412700D9DA95 /* LayoutView.swift */,
				04C05E952978F3D800E56BE0 /* MoodView.swift */,
				04C05E972978FC5B00E56BE0 /* StickyHeader.swift */,
			);
			path = Layouting;
			sourceTree = "<group>";
		};
		04AC373F296A79C400866416 /* SomePractice */ = {
			isa = PBXGroup;
			children = (
				04AC3742296A7C4A00866416 /* Fonts */,
				04AC3740296A79D300866416 /* PracticeView.swift */,
			);
			path = SomePractice;
			sourceTree = "<group>";
		};
		04AC3742296A7C4A00866416 /* Fonts */ = {
			isa = PBXGroup;
			children = (
				04AC3743296A7CE400866416 /* product_sans_bold.ttf */,
				04AC3744296A7CEF00866416 /* product_sans_regular.ttf */,
			);
			path = Fonts;
			sourceTree = "<group>";
		};
		04AC3751296D35ED00866416 /* BookWorm */ = {
			isa = PBXGroup;
			children = (
				04AC3752296D35FB00866416 /* BookWormView.swift */,
				04AC3754296D5C3500866416 /* bookworm.xcdatamodeld */,
				04AC3757296D5C8900866416 /* DataController.swift */,
				04AC3759296D63ED00866416 /* AddBookView.swift */,
				04AC375B296DAD9900866416 /* RatingView.swift */,
				04AC375D296E67EF00866416 /* EmojiRatingView.swift */,
				04AC375F296E6C3400866416 /* DetailView.swift */,
			);
			path = BookWorm;
			sourceTree = "<group>";
		};
		04EBE46429614CF9009AE79A /* TabView */ = {
			isa = PBXGroup;
			children = (
				04EBE45E295EE8D1009AE79A /* DummyUi.swift */,
				04EBE46529614D18009AE79A /* HomeView.swift */,
				04EBE4672961513D009AE79A /* NoteItemView.swift */,
				04AC374B296AE5F500866416 /* CustomTabView.swift */,
				04C05E99297B9DF600E56BE0 /* CustomTabBar.swift */,
			);
			path = TabView;
			sourceTree = "<group>";
		};
/* End PBXGroup section */

/* Begin PBXNativeTarget section */
		043FC0BA294DBBEF002FFF3D /* swiftUiPractice */ = {
			isa = PBXNativeTarget;
			buildConfigurationList = 043FC0DF294DBBF1002FFF3D /* Build configuration list for PBXNativeTarget "swiftUiPractice" */;
			buildPhases = (
				043FC0B7294DBBEF002FFF3D /* Sources */,
				043FC0B8294DBBEF002FFF3D /* Frameworks */,
				043FC0B9294DBBEF002FFF3D /* Resources */,
			);
			buildRules = (
			);
			dependencies = (
			);
			name = swiftUiPractice;
			packageProductDependencies = (
				04EBE461295EECDA009AE79A /* SwiftUIFontIcon */,
				04C05E9C297BB80400E56BE0 /* OrderedCollections */,
			);
			productName = swiftUiPractice;
			productReference = 043FC0BB294DBBEF002FFF3D /* swiftUiPractice.app */;
			productType = "com.apple.product-type.application";
		};
		043FC0CA294DBBF1002FFF3D /* swiftUiPracticeTests */ = {
			isa = PBXNativeTarget;
			buildConfigurationList = 043FC0E2294DBBF1002FFF3D /* Build configuration list for PBXNativeTarget "swiftUiPracticeTests" */;
			buildPhases = (
				043FC0C7294DBBF1002FFF3D /* Sources */,
				043FC0C8294DBBF1002FFF3D /* Frameworks */,
				043FC0C9294DBBF1002FFF3D /* Resources */,
			);
			buildRules = (
			);
			dependencies = (
				043FC0CD294DBBF1002FFF3D /* PBXTargetDependency */,
			);
			name = swiftUiPracticeTests;
			productName = swiftUiPracticeTests;
			productReference = 043FC0CB294DBBF1002FFF3D /* swiftUiPracticeTests.xctest */;
			productType = "com.apple.product-type.bundle.unit-test";
		};
		043FC0D4294DBBF1002FFF3D /* swiftUiPracticeUITests */ = {
			isa = PBXNativeTarget;
			buildConfigurationList = 043FC0E5294DBBF1002FFF3D /* Build configuration list for PBXNativeTarget "swiftUiPracticeUITests" */;
			buildPhases = (
				043FC0D1294DBBF1002FFF3D /* Sources */,
				043FC0D2294DBBF1002FFF3D /* Frameworks */,
				043FC0D3294DBBF1002FFF3D /* Resources */,
			);
			buildRules = (
			);
			dependencies = (
				043FC0D7294DBBF1002FFF3D /* PBXTargetDependency */,
			);
			name = swiftUiPracticeUITests;
			productName = swiftUiPracticeUITests;
			productReference = 043FC0D5294DBBF1002FFF3D /* swiftUiPracticeUITests.xctest */;
			productType = "com.apple.product-type.bundle.ui-testing";
		};
/* End PBXNativeTarget section */

/* Begin PBXProject section */
		043FC0B3294DBBEF002FFF3D /* Project object */ = {
			isa = PBXProject;
			attributes = {
				BuildIndependentTargetsInParallel = 1;
				LastSwiftUpdateCheck = 1410;
				LastUpgradeCheck = 1410;
				TargetAttributes = {
					043FC0BA294DBBEF002FFF3D = {
						CreatedOnToolsVersion = 14.1;
					};
					043FC0CA294DBBF1002FFF3D = {
						CreatedOnToolsVersion = 14.1;
						TestTargetID = 043FC0BA294DBBEF002FFF3D;
					};
					043FC0D4294DBBF1002FFF3D = {
						CreatedOnToolsVersion = 14.1;
						TestTargetID = 043FC0BA294DBBEF002FFF3D;
					};
				};
			};
			buildConfigurationList = 043FC0B6294DBBEF002FFF3D /* Build configuration list for PBXProject "swiftUiPractice" */;
			compatibilityVersion = "Xcode 14.0";
			developmentRegion = en;
			hasScannedForEncodings = 0;
			knownRegions = (
				en,
				Base,
			);
			mainGroup = 043FC0B2294DBBEF002FFF3D;
			packageReferences = (
				04EBE460295EECDA009AE79A /* XCRemoteSwiftPackageReference "SwiftUIFontIcon" */,
				04C05E9B297BB80300E56BE0 /* XCRemoteSwiftPackageReference "swift-collections" */,
			);
			productRefGroup = 043FC0BC294DBBEF002FFF3D /* Products */;
			projectDirPath = "";
			projectRoot = "";
			targets = (
				043FC0BA294DBBEF002FFF3D /* swiftUiPractice */,
				043FC0CA294DBBF1002FFF3D /* swiftUiPracticeTests */,
				043FC0D4294DBBF1002FFF3D /* swiftUiPracticeUITests */,
			);
		};
/* End PBXProject section */

/* Begin PBXResourcesBuildPhase section */
		043FC0B9294DBBEF002FFF3D /* Resources */ = {
			isa = PBXResourcesBuildPhase;
			buildActionMask = 2147483647;
			files = (
				04AC3745296A7E4A00866416 /* product_sans_bold.ttf in Resources */,
				04AC3746296A7E4A00866416 /* product_sans_regular.ttf in Resources */,
				043FC0C6294DBBF1002FFF3D /* Preview Assets.xcassets in Resources */,
				043FC0C3294DBBF1002FFF3D /* Assets.xcassets in Resources */,
			);
			runOnlyForDeploymentPostprocessing = 0;
		};
		043FC0C9294DBBF1002FFF3D /* Resources */ = {
			isa = PBXResourcesBuildPhase;
			buildActionMask = 2147483647;
			files = (
			);
			runOnlyForDeploymentPostprocessing = 0;
		};
		043FC0D3294DBBF1002FFF3D /* Resources */ = {
			isa = PBXResourcesBuildPhase;
			buildActionMask = 2147483647;
			files = (
			);
			runOnlyForDeploymentPostprocessing = 0;
		};
/* End PBXResourcesBuildPhase section */

/* Begin PBXSourcesBuildPhase section */
		043FC0B7294DBBEF002FFF3D /* Sources */ = {
			isa = PBXSourcesBuildPhase;
			buildActionMask = 2147483647;
			files = (
				04C05E982978FC5B00E56BE0 /* StickyHeader.swift in Sources */,
				04AC3753296D35FB00866416 /* BookWormView.swift in Sources */,
				04AC375A296D63ED00866416 /* AddBookView.swift in Sources */,
				042526312962CF9A001B346B /* Expenses.swift in Sources */,
				043FC0C1294DBBEF002FFF3D /* ContentView.swift in Sources */,
				043FC0BF294DBBEF002FFF3D /* swiftUiPracticeApp.swift in Sources */,
				0421243529680F1000BFA647 /* Order.swift in Sources */,
				04AC3741296A79D300866416 /* PracticeView.swift in Sources */,
				04C05E9A297B9DF600E56BE0 /* CustomTabBar.swift in Sources */,
				042124312968045C00BFA647 /* Response.swift in Sources */,
				04AC374E296BCD7B00866416 /* PlayView.swift in Sources */,
				042008D52964156D0096C9A7 /* MContentView.swift in Sources */,
				046360872978412700D9DA95 /* LayoutView.swift in Sources */,
				04AC374C296AE5F500866416 /* CustomTabView.swift in Sources */,
				0421242F2968044C00BFA647 /* User.swift in Sources */,
				04AC3758296D5C8900866416 /* DataController.swift in Sources */,
				04AC3760296E6C3400866416 /* DetailView.swift in Sources */,
				04EBE45F295EE8D1009AE79A /* DummyUi.swift in Sources */,
				042008D72964356B0096C9A7 /* MChildView.swift in Sources */,
				042124372968175C00BFA647 /* AddressView.swift in Sources */,
				04EBE46629614D18009AE79A /* HomeView.swift in Sources */,
				04C05E962978F3D800E56BE0 /* MoodView.swift in Sources */,
				0425262D2962CF59001B346B /* ParentView.swift in Sources */,
				0425262B2962CA78001B346B /* AddView.swift in Sources */,
				04212433296804C900BFA647 /* CupcakeView.swift in Sources */,
				04AC375E296E67EF00866416 /* EmojiRatingView.swift in Sources */,
				044AF5F42959844C007FCB6B /* ShapeViews.swift in Sources */,
				04AC3756296D5C3500866416 /* bookworm.xcdatamodeld in Sources */,
				0425262F2962CF86001B346B /* ExpenseItem.swift in Sources */,
				042526352962E855001B346B /* MyChildView.swift in Sources */,
				0421242D2968003600BFA647 /* MyView.swift in Sources */,
				042473FD2961A93D00EBDA70 /* SheetExampleView.swift in Sources */,
				04EBE4682961513D009AE79A /* NoteItemView.swift in Sources */,
				04AC375C296DAD9900866416 /* RatingView.swift in Sources */,
			);
			runOnlyForDeploymentPostprocessing = 0;
		};
		043FC0C7294DBBF1002FFF3D /* Sources */ = {
			isa = PBXSourcesBuildPhase;
			buildActionMask = 2147483647;
			files = (
				043FC0D0294DBBF1002FFF3D /* swiftUiPracticeTests.swift in Sources */,
			);
			runOnlyForDeploymentPostprocessing = 0;
		};
		043FC0D1294DBBF1002FFF3D /* Sources */ = {
			isa = PBXSourcesBuildPhase;
			buildActionMask = 2147483647;
			files = (
				043FC0DA294DBBF1002FFF3D /* swiftUiPracticeUITests.swift in Sources */,
				043FC0DC294DBBF1002FFF3D /* swiftUiPracticeUITestsLaunchTests.swift in Sources */,
			);
			runOnlyForDeploymentPostprocessing = 0;
		};
/* End PBXSourcesBuildPhase section */

/* Begin PBXTargetDependency section */
		043FC0CD294DBBF1002FFF3D /* PBXTargetDependency */ = {
			isa = PBXTargetDependency;
			target = 043FC0BA294DBBEF002FFF3D /* swiftUiPractice */;
			targetProxy = 043FC0CC294DBBF1002FFF3D /* PBXContainerItemProxy */;
		};
		043FC0D7294DBBF1002FFF3D /* PBXTargetDependency */ = {
			isa = PBXTargetDependency;
			target = 043FC0BA294DBBEF002FFF3D /* swiftUiPractice */;
			targetProxy = 043FC0D6294DBBF1002FFF3D /* PBXContainerItemProxy */;
		};
/* End PBXTargetDependency section */

/* Begin XCBuildConfiguration section */
		043FC0DD294DBBF1002FFF3D /* Debug */ = {
			isa = XCBuildConfiguration;
			buildSettings = {
				ALWAYS_SEARCH_USER_PATHS = NO;
				CLANG_ANALYZER_NONNULL = YES;
				CLANG_ANALYZER_NUMBER_OBJECT_CONVERSION = YES_AGGRESSIVE;
				CLANG_CXX_LANGUAGE_STANDARD = "gnu++20";
				CLANG_ENABLE_MODULES = YES;
				CLANG_ENABLE_OBJC_ARC = YES;
				CLANG_ENABLE_OBJC_WEAK = YES;
				CLANG_WARN_BLOCK_CAPTURE_AUTORELEASING = YES;
				CLANG_WARN_BOOL_CONVERSION = YES;
				CLANG_WARN_COMMA = YES;
				CLANG_WARN_CONSTANT_CONVERSION = YES;
				CLANG_WARN_DEPRECATED_OBJC_IMPLEMENTATIONS = YES;
				CLANG_WARN_DIRECT_OBJC_ISA_USAGE = YES_ERROR;
				CLANG_WARN_DOCUMENTATION_COMMENTS = YES;
				CLANG_WARN_EMPTY_BODY = YES;
				CLANG_WARN_ENUM_CONVERSION = YES;
				CLANG_WARN_INFINITE_RECURSION = YES;
				CLANG_WARN_INT_CONVERSION = YES;
				CLANG_WARN_NON_LITERAL_NULL_CONVERSION = YES;
				CLANG_WARN_OBJC_IMPLICIT_RETAIN_SELF = YES;
				CLANG_WARN_OBJC_LITERAL_CONVERSION = YES;
				CLANG_WARN_OBJC_ROOT_CLASS = YES_ERROR;
				CLANG_WARN_QUOTED_INCLUDE_IN_FRAMEWORK_HEADER = YES;
				CLANG_WARN_RANGE_LOOP_ANALYSIS = YES;
				CLANG_WARN_STRICT_PROTOTYPES = YES;
				CLANG_WARN_SUSPICIOUS_MOVE = YES;
				CLANG_WARN_UNGUARDED_AVAILABILITY = YES_AGGRESSIVE;
				CLANG_WARN_UNREACHABLE_CODE = YES;
				CLANG_WARN__DUPLICATE_METHOD_MATCH = YES;
				COPY_PHASE_STRIP = NO;
				DEBUG_INFORMATION_FORMAT = dwarf;
				ENABLE_STRICT_OBJC_MSGSEND = YES;
				ENABLE_TESTABILITY = YES;
				GCC_C_LANGUAGE_STANDARD = gnu11;
				GCC_DYNAMIC_NO_PIC = NO;
				GCC_NO_COMMON_BLOCKS = YES;
				GCC_OPTIMIZATION_LEVEL = 0;
				GCC_PREPROCESSOR_DEFINITIONS = (
					"DEBUG=1",
					"$(inherited)",
				);
				GCC_WARN_64_TO_32_BIT_CONVERSION = YES;
				GCC_WARN_ABOUT_RETURN_TYPE = YES_ERROR;
				GCC_WARN_UNDECLARED_SELECTOR = YES;
				GCC_WARN_UNINITIALIZED_AUTOS = YES_AGGRESSIVE;
				GCC_WARN_UNUSED_FUNCTION = YES;
				GCC_WARN_UNUSED_VARIABLE = YES;
				IPHONEOS_DEPLOYMENT_TARGET = 16.1;
				MTL_ENABLE_DEBUG_INFO = INCLUDE_SOURCE;
				MTL_FAST_MATH = YES;
				ONLY_ACTIVE_ARCH = YES;
				SDKROOT = iphoneos;
				SWIFT_ACTIVE_COMPILATION_CONDITIONS = DEBUG;
				SWIFT_OPTIMIZATION_LEVEL = "-Onone";
			};
			name = Debug;
		};
		043FC0DE294DBBF1002FFF3D /* Release */ = {
			isa = XCBuildConfiguration;
			buildSettings = {
				ALWAYS_SEARCH_USER_PATHS = NO;
				CLANG_ANALYZER_NONNULL = YES;
				CLANG_ANALYZER_NUMBER_OBJECT_CONVERSION = YES_AGGRESSIVE;
				CLANG_CXX_LANGUAGE_STANDARD = "gnu++20";
				CLANG_ENABLE_MODULES = YES;
				CLANG_ENABLE_OBJC_ARC = YES;
				CLANG_ENABLE_OBJC_WEAK = YES;
				CLANG_WARN_BLOCK_CAPTURE_AUTORELEASING = YES;
				CLANG_WARN_BOOL_CONVERSION = YES;
				CLANG_WARN_COMMA = YES;
				CLANG_WARN_CONSTANT_CONVERSION = YES;
				CLANG_WARN_DEPRECATED_OBJC_IMPLEMENTATIONS = YES;
				CLANG_WARN_DIRECT_OBJC_ISA_USAGE = YES_ERROR;
				CLANG_WARN_DOCUMENTATION_COMMENTS = YES;
				CLANG_WARN_EMPTY_BODY = YES;
				CLANG_WARN_ENUM_CONVERSION = YES;
				CLANG_WARN_INFINITE_RECURSION = YES;
				CLANG_WARN_INT_CONVERSION = YES;
				CLANG_WARN_NON_LITERAL_NULL_CONVERSION = YES;
				CLANG_WARN_OBJC_IMPLICIT_RETAIN_SELF = YES;
				CLANG_WARN_OBJC_LITERAL_CONVERSION = YES;
				CLANG_WARN_OBJC_ROOT_CLASS = YES_ERROR;
				CLANG_WARN_QUOTED_INCLUDE_IN_FRAMEWORK_HEADER = YES;
				CLANG_WARN_RANGE_LOOP_ANALYSIS = YES;
				CLANG_WARN_STRICT_PROTOTYPES = YES;
				CLANG_WARN_SUSPICIOUS_MOVE = YES;
				CLANG_WARN_UNGUARDED_AVAILABILITY = YES_AGGRESSIVE;
				CLANG_WARN_UNREACHABLE_CODE = YES;
				CLANG_WARN__DUPLICATE_METHOD_MATCH = YES;
				COPY_PHASE_STRIP = NO;
				DEBUG_INFORMATION_FORMAT = "dwarf-with-dsym";
				ENABLE_NS_ASSERTIONS = NO;
				ENABLE_STRICT_OBJC_MSGSEND = YES;
				GCC_C_LANGUAGE_STANDARD = gnu11;
				GCC_NO_COMMON_BLOCKS = YES;
				GCC_WARN_64_TO_32_BIT_CONVERSION = YES;
				GCC_WARN_ABOUT_RETURN_TYPE = YES_ERROR;
				GCC_WARN_UNDECLARED_SELECTOR = YES;
				GCC_WARN_UNINITIALIZED_AUTOS = YES_AGGRESSIVE;
				GCC_WARN_UNUSED_FUNCTION = YES;
				GCC_WARN_UNUSED_VARIABLE = YES;
				IPHONEOS_DEPLOYMENT_TARGET = 16.1;
				MTL_ENABLE_DEBUG_INFO = NO;
				MTL_FAST_MATH = YES;
				SDKROOT = iphoneos;
				SWIFT_COMPILATION_MODE = wholemodule;
				SWIFT_OPTIMIZATION_LEVEL = "-O";
				VALIDATE_PRODUCT = YES;
			};
			name = Release;
		};
		043FC0E0294DBBF1002FFF3D /* Debug */ = {
			isa = XCBuildConfiguration;
			buildSettings = {
				ASSETCATALOG_COMPILER_APPICON_NAME = AppIcon;
				ASSETCATALOG_COMPILER_GLOBAL_ACCENT_COLOR_NAME = AccentColor;
				CODE_SIGN_STYLE = Automatic;
				CURRENT_PROJECT_VERSION = 1;
				DEVELOPMENT_ASSET_PATHS = "\"swiftUiPractice/Preview Content\"";
				DEVELOPMENT_TEAM = Z2K7G5MR42;
				ENABLE_PREVIEWS = YES;
				GENERATE_INFOPLIST_FILE = YES;
				INFOPLIST_FILE = swiftUiPractice/Info.plist;
				INFOPLIST_KEY_UIApplicationSceneManifest_Generation = YES;
				INFOPLIST_KEY_UIApplicationSupportsIndirectInputEvents = YES;
				INFOPLIST_KEY_UILaunchScreen_Generation = YES;
				INFOPLIST_KEY_UISupportedInterfaceOrientations_iPad = "UIInterfaceOrientationPortrait UIInterfaceOrientationPortraitUpsideDown UIInterfaceOrientationLandscapeLeft UIInterfaceOrientationLandscapeRight";
				INFOPLIST_KEY_UISupportedInterfaceOrientations_iPhone = "UIInterfaceOrientationPortrait UIInterfaceOrientationLandscapeLeft UIInterfaceOrientationLandscapeRight";
				LD_RUNPATH_SEARCH_PATHS = (
					"$(inherited)",
					"@executable_path/Frameworks",
				);
				MARKETING_VERSION = 1.0;
				PRODUCT_BUNDLE_IDENTIFIER = com.crushtech.swiftUiPractice;
				PRODUCT_NAME = "$(TARGET_NAME)";
				SWIFT_EMIT_LOC_STRINGS = YES;
				SWIFT_VERSION = 5.0;
				TARGETED_DEVICE_FAMILY = "1,2";
			};
			name = Debug;
		};
		043FC0E1294DBBF1002FFF3D /* Release */ = {
			isa = XCBuildConfiguration;
			buildSettings = {
				ASSETCATALOG_COMPILER_APPICON_NAME = AppIcon;
				ASSETCATALOG_COMPILER_GLOBAL_ACCENT_COLOR_NAME = AccentColor;
				CODE_SIGN_STYLE = Automatic;
				CURRENT_PROJECT_VERSION = 1;
				DEVELOPMENT_ASSET_PATHS = "\"swiftUiPractice/Preview Content\"";
				DEVELOPMENT_TEAM = Z2K7G5MR42;
				ENABLE_PREVIEWS = YES;
				GENERATE_INFOPLIST_FILE = YES;
				INFOPLIST_FILE = swiftUiPractice/Info.plist;
				INFOPLIST_KEY_UIApplicationSceneManifest_Generation = YES;
				INFOPLIST_KEY_UIApplicationSupportsIndirectInputEvents = YES;
				INFOPLIST_KEY_UILaunchScreen_Generation = YES;
				INFOPLIST_KEY_UISupportedInterfaceOrientations_iPad = "UIInterfaceOrientationPortrait UIInterfaceOrientationPortraitUpsideDown UIInterfaceOrientationLandscapeLeft UIInterfaceOrientationLandscapeRight";
				INFOPLIST_KEY_UISupportedInterfaceOrientations_iPhone = "UIInterfaceOrientationPortrait UIInterfaceOrientationLandscapeLeft UIInterfaceOrientationLandscapeRight";
				LD_RUNPATH_SEARCH_PATHS = (
					"$(inherited)",
					"@executable_path/Frameworks",
				);
				MARKETING_VERSION = 1.0;
				PRODUCT_BUNDLE_IDENTIFIER = com.crushtech.swiftUiPractice;
				PRODUCT_NAME = "$(TARGET_NAME)";
				SWIFT_EMIT_LOC_STRINGS = YES;
				SWIFT_VERSION = 5.0;
				TARGETED_DEVICE_FAMILY = "1,2";
			};
			name = Release;
		};
		043FC0E3294DBBF1002FFF3D /* Debug */ = {
			isa = XCBuildConfiguration;
			buildSettings = {
				ALWAYS_EMBED_SWIFT_STANDARD_LIBRARIES = YES;
				BUNDLE_LOADER = "$(TEST_HOST)";
				CODE_SIGN_STYLE = Automatic;
				CURRENT_PROJECT_VERSION = 1;
				DEVELOPMENT_TEAM = Z2K7G5MR42;
				GENERATE_INFOPLIST_FILE = YES;
				IPHONEOS_DEPLOYMENT_TARGET = 16.1;
				MARKETING_VERSION = 1.0;
				PRODUCT_BUNDLE_IDENTIFIER = com.crushtech.swiftUiPracticeTests;
				PRODUCT_NAME = "$(TARGET_NAME)";
				SWIFT_EMIT_LOC_STRINGS = NO;
				SWIFT_VERSION = 5.0;
				TARGETED_DEVICE_FAMILY = "1,2";
				TEST_HOST = "$(BUILT_PRODUCTS_DIR)/swiftUiPractice.app/$(BUNDLE_EXECUTABLE_FOLDER_PATH)/swiftUiPractice";
			};
			name = Debug;
		};
		043FC0E4294DBBF1002FFF3D /* Release */ = {
			isa = XCBuildConfiguration;
			buildSettings = {
				ALWAYS_EMBED_SWIFT_STANDARD_LIBRARIES = YES;
				BUNDLE_LOADER = "$(TEST_HOST)";
				CODE_SIGN_STYLE = Automatic;
				CURRENT_PROJECT_VERSION = 1;
				DEVELOPMENT_TEAM = Z2K7G5MR42;
				GENERATE_INFOPLIST_FILE = YES;
				IPHONEOS_DEPLOYMENT_TARGET = 16.1;
				MARKETING_VERSION = 1.0;
				PRODUCT_BUNDLE_IDENTIFIER = com.crushtech.swiftUiPracticeTests;
				PRODUCT_NAME = "$(TARGET_NAME)";
				SWIFT_EMIT_LOC_STRINGS = NO;
				SWIFT_VERSION = 5.0;
				TARGETED_DEVICE_FAMILY = "1,2";
				TEST_HOST = "$(BUILT_PRODUCTS_DIR)/swiftUiPractice.app/$(BUNDLE_EXECUTABLE_FOLDER_PATH)/swiftUiPractice";
			};
			name = Release;
		};
		043FC0E6294DBBF1002FFF3D /* Debug */ = {
			isa = XCBuildConfiguration;
			buildSettings = {
				ALWAYS_EMBED_SWIFT_STANDARD_LIBRARIES = YES;
				CODE_SIGN_STYLE = Automatic;
				CURRENT_PROJECT_VERSION = 1;
				DEVELOPMENT_TEAM = Z2K7G5MR42;
				GENERATE_INFOPLIST_FILE = YES;
				MARKETING_VERSION = 1.0;
				PRODUCT_BUNDLE_IDENTIFIER = com.crushtech.swiftUiPracticeUITests;
				PRODUCT_NAME = "$(TARGET_NAME)";
				SWIFT_EMIT_LOC_STRINGS = NO;
				SWIFT_VERSION = 5.0;
				TARGETED_DEVICE_FAMILY = "1,2";
				TEST_TARGET_NAME = swiftUiPractice;
			};
			name = Debug;
		};
		043FC0E7294DBBF1002FFF3D /* Release */ = {
			isa = XCBuildConfiguration;
			buildSettings = {
				ALWAYS_EMBED_SWIFT_STANDARD_LIBRARIES = YES;
				CODE_SIGN_STYLE = Automatic;
				CURRENT_PROJECT_VERSION = 1;
				DEVELOPMENT_TEAM = Z2K7G5MR42;
				GENERATE_INFOPLIST_FILE = YES;
				MARKETING_VERSION = 1.0;
				PRODUCT_BUNDLE_IDENTIFIER = com.crushtech.swiftUiPracticeUITests;
				PRODUCT_NAME = "$(TARGET_NAME)";
				SWIFT_EMIT_LOC_STRINGS = NO;
				SWIFT_VERSION = 5.0;
				TARGETED_DEVICE_FAMILY = "1,2";
				TEST_TARGET_NAME = swiftUiPractice;
			};
			name = Release;
		};
/* End XCBuildConfiguration section */

/* Begin XCConfigurationList section */
		043FC0B6294DBBEF002FFF3D /* Build configuration list for PBXProject "swiftUiPractice" */ = {
			isa = XCConfigurationList;
			buildConfigurations = (
				043FC0DD294DBBF1002FFF3D /* Debug */,
				043FC0DE294DBBF1002FFF3D /* Release */,
			);
			defaultConfigurationIsVisible = 0;
			defaultConfigurationName = Release;
		};
		043FC0DF294DBBF1002FFF3D /* Build configuration list for PBXNativeTarget "swiftUiPractice" */ = {
			isa = XCConfigurationList;
			buildConfigurations = (
				043FC0E0294DBBF1002FFF3D /* Debug */,
				043FC0E1294DBBF1002FFF3D /* Release */,
			);
			defaultConfigurationIsVisible = 0;
			defaultConfigurationName = Release;
		};
		043FC0E2294DBBF1002FFF3D /* Build configuration list for PBXNativeTarget "swiftUiPracticeTests" */ = {
			isa = XCConfigurationList;
			buildConfigurations = (
				043FC0E3294DBBF1002FFF3D /* Debug */,
				043FC0E4294DBBF1002FFF3D /* Release */,
			);
			defaultConfigurationIsVisible = 0;
			defaultConfigurationName = Release;
		};
		043FC0E5294DBBF1002FFF3D /* Build configuration list for PBXNativeTarget "swiftUiPracticeUITests" */ = {
			isa = XCConfigurationList;
			buildConfigurations = (
				043FC0E6294DBBF1002FFF3D /* Debug */,
				043FC0E7294DBBF1002FFF3D /* Release */,
			);
			defaultConfigurationIsVisible = 0;
			defaultConfigurationName = Release;
		};
/* End XCConfigurationList section */

/* Begin XCRemoteSwiftPackageReference section */
		04C05E9B297BB80300E56BE0 /* XCRemoteSwiftPackageReference "swift-collections" */ = {
			isa = XCRemoteSwiftPackageReference;
			repositoryURL = "https://github.com/apple/swift-collections.git";
			requirement = {
				kind = upToNextMajorVersion;
				minimumVersion = 1.0.0;
			};
		};
		04EBE460295EECDA009AE79A /* XCRemoteSwiftPackageReference "SwiftUIFontIcon" */ = {
			isa = XCRemoteSwiftPackageReference;
			repositoryURL = "https://github.com/huybuidac/SwiftUIFontIcon.git";
			requirement = {
				branch = master;
				kind = branch;
			};
		};
/* End XCRemoteSwiftPackageReference section */

/* Begin XCSwiftPackageProductDependency section */
		04C05E9C297BB80400E56BE0 /* OrderedCollections */ = {
			isa = XCSwiftPackageProductDependency;
			package = 04C05E9B297BB80300E56BE0 /* XCRemoteSwiftPackageReference "swift-collections" */;
			productName = OrderedCollections;
		};
		04EBE461295EECDA009AE79A /* SwiftUIFontIcon */ = {
			isa = XCSwiftPackageProductDependency;
			package = 04EBE460295EECDA009AE79A /* XCRemoteSwiftPackageReference "SwiftUIFontIcon" */;
			productName = SwiftUIFontIcon;
		};
/* End XCSwiftPackageProductDependency section */

/* Begin XCVersionGroup section */
		04AC3754296D5C3500866416 /* bookworm.xcdatamodeld */ = {
			isa = XCVersionGroup;
			children = (
				04AC3755296D5C3500866416 /* bookworm.xcdatamodel */,
			);
			currentVersion = 04AC3755296D5C3500866416 /* bookworm.xcdatamodel */;
			path = bookworm.xcdatamodeld;
			sourceTree = "<group>";
			versionGroupType = wrapper.xcdatamodel;
		};
/* End XCVersionGroup section */
	};
	rootObject = 043FC0B3294DBBEF002FFF3D /* Project object */;
}
